
Microsoft Visual Studio Solution File, Format Version 12.00
# Visual Studio Version 17
VisualStudioVersion = 17.9.34616.47
MinimumVisualStudioVersion = 10.0.40219.1
Project("{FAE04EC0-301F-11D3-BF4B-00C04F79EFBC}") = "tp_1302223038", "tp_1302223038\tp_1302223038.csproj", "{3E0944E1-9E04-47BC-8F98-7F866580E6A5}"
EndProject
Global
	GlobalSection(SolutionConfigurationPlatforms) = preSolution
		Debug|Any CPU = Debug|Any CPU
		Release|Any CPU = Release|Any CPU
	EndGlobalSection
	GlobalSection(ProjectConfigurationPlatforms) = postSolution
		{3E0944E1-9E04-47BC-8F98-7F866580E6A5}.Debug|Any CPU.ActiveCfg = Debug|Any CPU
		{3E0944E1-9E04-47BC-8F98-7F866580E6A5}.Debug|Any CPU.Build.0 = Debug|Any CPU
		{3E0944E1-9E04-47BC-8F98-7F866580E6A5}.Release|Any CPU.ActiveCfg = Release|Any CPU
		{3E0944E1-9E04-47BC-8F98-7F866580E6A5}.Release|Any CPU.Build.0 = Release|Any CPU
	EndGlobalSection
	GlobalSection(SolutionProperties) = preSolution
		HideSolutionNode = FALSE
	EndGlobalSection
	GlobalSection(ExtensibilityGlobals) = postSolution
		SolutionGuid = {2346E0D8-4F42-43AC-B77D-DEA3BCA64890}
	EndGlobalSection
EndGlobal
